
Microsoft Visual Studio Solution File, Format Version 12.00
# Visual Studio Version 16
VisualStudioVersion = 16.0.29613.14
MinimumVisualStudioVersion = 10.0.40219.1
Project("{FAE04EC0-301F-11D3-BF4B-00C04F79EFBC}") = "Binary Search Tree", "Binary Search Tree\Binary Search Tree.csproj", "{68C560B7-9BAC-40F1-B3F6-943DEABDF66F}"
EndProject
Global
	GlobalSection(SolutionConfigurationPlatforms) = preSolution
		Debug|Any CPU = Debug|Any CPU
		Release|Any CPU = Release|Any CPU
	EndGlobalSection
	GlobalSection(ProjectConfigurationPlatforms) = postSolution
		{68C560B7-9BAC-40F1-B3F6-943DEABDF66F}.Debug|Any CPU.ActiveCfg = Debug|Any CPU
		{68C560B7-9BAC-40F1-B3F6-943DEABDF66F}.Debug|Any CPU.Build.0 = Debug|Any CPU
		{68C560B7-9BAC-40F1-B3F6-943DEABDF66F}.Release|Any CPU.ActiveCfg = Release|Any CPU
		{68C560B7-9BAC-40F1-B3F6-943DEABDF66F}.Release|Any CPU.Build.0 = Release|Any CPU
	EndGlobalSection
	GlobalSection(SolutionProperties) = preSolution
		HideSolutionNode = FALSE
	EndGlobalSection
	GlobalSection(ExtensibilityGlobals) = postSolution
		SolutionGuid = {6AF20818-00C4-4D77-B54F-50BBE1270C2F}
	EndGlobalSection
EndGlobal
